
Microsoft Visual Studio Solution File, Format Version 12.00
# Visual Studio Version 16
VisualStudioVersion = 16.0.29905.134
MinimumVisualStudioVersion = 10.0.40219.1
Project("{9A19103F-16F7-4668-BE54-9A1E7A4F7556}") = "WebAPIMVC_AttachExcel", "WebAPIMVC_AttachExcel.csproj", "{C688AA61-A87D-48AA-A12B-3B5A5C0874B6}"
EndProject
Global
	GlobalSection(SolutionConfigurationPlatforms) = preSolution
		Debug|Any CPU = Debug|Any CPU
		Release|Any CPU = Release|Any CPU
	EndGlobalSection
	GlobalSection(ProjectConfigurationPlatforms) = postSolution
		{C688AA61-A87D-48AA-A12B-3B5A5C0874B6}.Debug|Any CPU.ActiveCfg = Debug|Any CPU
		{C688AA61-A87D-48AA-A12B-3B5A5C0874B6}.Debug|Any CPU.Build.0 = Debug|Any CPU
		{C688AA61-A87D-48AA-A12B-3B5A5C0874B6}.Release|Any CPU.ActiveCfg = Release|Any CPU
		{C688AA61-A87D-48AA-A12B-3B5A5C0874B6}.Release|Any CPU.Build.0 = Release|Any CPU
	EndGlobalSection
	GlobalSection(SolutionProperties) = preSolution
		HideSolutionNode = FALSE
	EndGlobalSection
	GlobalSection(ExtensibilityGlobals) = postSolution
		SolutionGuid = {F85EA080-4D5F-4EFB-92A9-E32D124912B0}
	EndGlobalSection
EndGlobal
